{
  "name": "nuxt-blog",
  "version": "1.0.0",
  "lockfileVersion": 1,
  "requires": true,
  "dependencies": {
    "core-js": {
      "version": "2.6.11",
      "resolved": "https://registry.npm.taobao.org/core-js/download/core-js-2.6.11.tgz",
      "integrity": "sha1-OIMUafmSK97Y7iHJ3EaYXgOZMIw="
    },
    "vue": {
      "version": "2.6.11",
      "resolved": "https://registry.npm.taobao.org/vue/download/vue-2.6.11.tgz?cache=0&other_urls=https%3A%2F%2Fregistry.npm.taobao.org%2Fvue%2Fdownload%2Fvue-2.6.11.tgz",
      "integrity": "sha1-dllNh31LEiNEBuhONSdcbVFBJcU="
    },
    "vue-weather-component": {
      "version": "1.0.0",
      "resolved": "https://registry.npm.taobao.org/vue-weather-component/download/vue-weather-component-1.0.0.tgz",
      "integrity": "sha1-+Ux4rx0jxaKoHYX8x56snLRp1Yw=",
      "requires": {
        "core-js": "^2.6.5",
        "vue": "^2.6.10"
      }
    }
  }
}
